
Microsoft Visual Studio Solution File, Format Version 12.00
# Visual Studio Version 17
VisualStudioVersion = 17.3.32804.467
MinimumVisualStudioVersion = 10.0.40219.1
Project("{FAE04EC0-301F-11D3-BF4B-00C04F79EFBC}") = "FizzBuzzApp", "FizzBuzzApp\FizzBuzzApp.csproj", "{86A8288A-3E43-4B6F-85C2-FC18FCAA262D}"
EndProject
Project("{FAE04EC0-301F-11D3-BF4B-00C04F79EFBC}") = "FizzBuzzTest", "FizzBuzzTest\FizzBuzzTest.csproj", "{F73B514A-FA1E-4ED0-8FAC-8694C0065559}"
EndProject
Global
	GlobalSection(SolutionConfigurationPlatforms) = preSolution
		Debug|Any CPU = Debug|Any CPU
		Release|Any CPU = Release|Any CPU
	EndGlobalSection
	GlobalSection(ProjectConfigurationPlatforms) = postSolution
		{86A8288A-3E43-4B6F-85C2-FC18FCAA262D}.Debug|Any CPU.ActiveCfg = Debug|Any CPU
		{86A8288A-3E43-4B6F-85C2-FC18FCAA262D}.Debug|Any CPU.Build.0 = Debug|Any CPU
		{86A8288A-3E43-4B6F-85C2-FC18FCAA262D}.Release|Any CPU.ActiveCfg = Release|Any CPU
		{86A8288A-3E43-4B6F-85C2-FC18FCAA262D}.Release|Any CPU.Build.0 = Release|Any CPU
		{F73B514A-FA1E-4ED0-8FAC-8694C0065559}.Debug|Any CPU.ActiveCfg = Debug|Any CPU
		{F73B514A-FA1E-4ED0-8FAC-8694C0065559}.Debug|Any CPU.Build.0 = Debug|Any CPU
		{F73B514A-FA1E-4ED0-8FAC-8694C0065559}.Release|Any CPU.ActiveCfg = Release|Any CPU
		{F73B514A-FA1E-4ED0-8FAC-8694C0065559}.Release|Any CPU.Build.0 = Release|Any CPU
	EndGlobalSection
	GlobalSection(SolutionProperties) = preSolution
		HideSolutionNode = FALSE
	EndGlobalSection
	GlobalSection(ExtensibilityGlobals) = postSolution
		SolutionGuid = {B9B4C79C-86CC-40FD-81A0-3FF7B0ADD931}
	EndGlobalSection
EndGlobal
